
Microsoft Visual Studio Solution File, Format Version 12.00
# Visual Studio Version 17
VisualStudioVersion = 17.2.32526.322
MinimumVisualStudioVersion = 10.0.40219.1
Project("{2150E333-8FDC-42A3-9474-1A3956D46DE8}") = "src", "src", "{B028BE7B-31C3-4643-87FC-F89D26CB1E0C}"
EndProject
Project("{2150E333-8FDC-42A3-9474-1A3956D46DE8}") = "test", "test", "{155DB7DE-9AF3-4C43-AAFC-2A75FF1C0923}"
EndProject
Project("{2150E333-8FDC-42A3-9474-1A3956D46DE8}") = "corePackages", "corePackages", "{FE984021-1A7C-49C3-BC0A-2EECA92F89E9}"
EndProject
Project("{2150E333-8FDC-42A3-9474-1A3956D46DE8}") = "coreProjects", "coreProjects", "{BC2DED56-0BEE-4A4B-B312-59276A907C50}"
EndProject
Project("{2150E333-8FDC-42A3-9474-1A3956D46DE8}") = "templateProject", "templateProject", "{EE23E945-56F7-41CB-86DD-76CBD24FEB77}"
EndProject
Project("{FAE04EC0-301F-11D3-BF4B-00C04F79EFBC}") = "Application", "src\coreProjects\templateProject\Application\Application.csproj", "{B36ADA90-6824-4291-ADC4-A994C7E2E12B}"
EndProject
Project("{FAE04EC0-301F-11D3-BF4B-00C04F79EFBC}") = "Domain", "src\coreProjects\templateProject\Domain\Domain.csproj", "{78E7CC28-BD2D-48CC-998F-67C7FC951620}"
EndProject
Project("{FAE04EC0-301F-11D3-BF4B-00C04F79EFBC}") = "Infrastructure", "src\coreProjects\templateProject\Infrastructure\Infrastructure.csproj", "{67776D50-9CEF-49F9-A4D2-96E1D9E360FF}"
EndProject
Project("{FAE04EC0-301F-11D3-BF4B-00C04F79EFBC}") = "Persistence", "src\coreProjects\templateProject\Persistence\Persistence.csproj", "{0C6206DA-54FE-4ECE-8679-C1652C2F8704}"
EndProject
Project("{FAE04EC0-301F-11D3-BF4B-00C04F79EFBC}") = "WebAPI", "src\coreProjects\templateProject\WebAPI\WebAPI.csproj", "{951B200B-EE84-4864-9A90-82C354BEC51E}"
EndProject
Project("{FAE04EC0-301F-11D3-BF4B-00C04F79EFBC}") = "Core.Application", "src\corePackages\Core.Application\Core.Application.csproj", "{7B741D69-E2F9-4B25-9D8A-721AD5C10C80}"
EndProject
Project("{FAE04EC0-301F-11D3-BF4B-00C04F79EFBC}") = "Core.CrossCuttingConcerns", "src\corePackages\Core.CrossCuttingConcerns\Core.CrossCuttingConcerns.csproj", "{E245ADF3-67F2-4CCF-A4D6-64F730E0EF28}"
EndProject
Project("{FAE04EC0-301F-11D3-BF4B-00C04F79EFBC}") = "Core.ElasticSearch", "src\corePackages\Core.ElasticSearch\Core.ElasticSearch.csproj", "{1E2F5C5F-969F-4707-9F4C-59C188963445}"
EndProject
Project("{FAE04EC0-301F-11D3-BF4B-00C04F79EFBC}") = "Core.Mailing", "src\corePackages\Core.Mailing\Core.Mailing.csproj", "{84FAE287-2C59-4687-8415-36103A528D00}"
EndProject
Project("{FAE04EC0-301F-11D3-BF4B-00C04F79EFBC}") = "Core.Persistence", "src\corePackages\Core.Persistence\Core.Persistence.csproj", "{1E63571B-937E-4C2B-8E6C-904D37053F46}"
EndProject
Project("{FAE04EC0-301F-11D3-BF4B-00C04F79EFBC}") = "Core.Security", "src\corePackages\Core.Security\Core.Security.csproj", "{BD2E2F9D-0721-41E7-9E9F-29F971CFDCB6}"
EndProject
Project("{2150E333-8FDC-42A3-9474-1A3956D46DE8}") = "rentACar", "rentACar", "{82A25D08-11B7-4578-97F8-30D1E7F11E04}"
EndProject
Project("{FAE04EC0-301F-11D3-BF4B-00C04F79EFBC}") = "Application", "src\coreProjects\rentACar\Application\Application.csproj", "{478A0C3C-FCA2-4372-A5F4-980E2E43766A}"
EndProject
Project("{FAE04EC0-301F-11D3-BF4B-00C04F79EFBC}") = "Domain", "src\coreProjects\rentACar\Domain\Domain.csproj", "{ADC2903D-82D8-403A-915B-92720B2F2FAE}"
EndProject
Project("{FAE04EC0-301F-11D3-BF4B-00C04F79EFBC}") = "Infrastructure", "src\coreProjects\rentACar\Infrastructure\Infrastructure.csproj", "{ACA7E078-9814-4BC4-A1B2-9C24A4091AD3}"
EndProject
Project("{FAE04EC0-301F-11D3-BF4B-00C04F79EFBC}") = "Persistence", "src\coreProjects\rentACar\Persistence\Persistence.csproj", "{29B28368-B901-4881-A483-3ADE3E254EAF}"
EndProject
Project("{FAE04EC0-301F-11D3-BF4B-00C04F79EFBC}") = "WebAPI", "src\coreProjects\rentACar\WebAPI\WebAPI.csproj", "{E1645E91-DFFB-4C07-A994-85556B818B0F}"
EndProject
Project("{2150E333-8FDC-42A3-9474-1A3956D46DE8}") = "Solution Items", "Solution Items", "{D96B57B8-C1B5-46ED-93CD-6DF4F7B4D4E9}"
	ProjectSection(SolutionItems) = preProject
		.editorconfig = .editorconfig
	EndProjectSection
EndProject
Global
	GlobalSection(SolutionConfigurationPlatforms) = preSolution
		Debug|Any CPU = Debug|Any CPU
		Release|Any CPU = Release|Any CPU
	EndGlobalSection
	GlobalSection(ProjectConfigurationPlatforms) = postSolution
		{B36ADA90-6824-4291-ADC4-A994C7E2E12B}.Debug|Any CPU.ActiveCfg = Debug|Any CPU
		{B36ADA90-6824-4291-ADC4-A994C7E2E12B}.Debug|Any CPU.Build.0 = Debug|Any CPU
		{B36ADA90-6824-4291-ADC4-A994C7E2E12B}.Release|Any CPU.ActiveCfg = Release|Any CPU
		{B36ADA90-6824-4291-ADC4-A994C7E2E12B}.Release|Any CPU.Build.0 = Release|Any CPU
		{78E7CC28-BD2D-48CC-998F-67C7FC951620}.Debug|Any CPU.ActiveCfg = Debug|Any CPU
		{78E7CC28-BD2D-48CC-998F-67C7FC951620}.Debug|Any CPU.Build.0 = Debug|Any CPU
		{78E7CC28-BD2D-48CC-998F-67C7FC951620}.Release|Any CPU.ActiveCfg = Release|Any CPU
		{78E7CC28-BD2D-48CC-998F-67C7FC951620}.Release|Any CPU.Build.0 = Release|Any CPU
		{67776D50-9CEF-49F9-A4D2-96E1D9E360FF}.Debug|Any CPU.ActiveCfg = Debug|Any CPU
		{67776D50-9CEF-49F9-A4D2-96E1D9E360FF}.Debug|Any CPU.Build.0 = Debug|Any CPU
		{67776D50-9CEF-49F9-A4D2-96E1D9E360FF}.Release|Any CPU.ActiveCfg = Release|Any CPU
		{67776D50-9CEF-49F9-A4D2-96E1D9E360FF}.Release|Any CPU.Build.0 = Release|Any CPU
		{0C6206DA-54FE-4ECE-8679-C1652C2F8704}.Debug|Any CPU.ActiveCfg = Debug|Any CPU
		{0C6206DA-54FE-4ECE-8679-C1652C2F8704}.Debug|Any CPU.Build.0 = Debug|Any CPU
		{0C6206DA-54FE-4ECE-8679-C1652C2F8704}.Release|Any CPU.ActiveCfg = Release|Any CPU
		{0C6206DA-54FE-4ECE-8679-C1652C2F8704}.Release|Any CPU.Build.0 = Release|Any CPU
		{951B200B-EE84-4864-9A90-82C354BEC51E}.Debug|Any CPU.ActiveCfg = Debug|Any CPU
		{951B200B-EE84-4864-9A90-82C354BEC51E}.Debug|Any CPU.Build.0 = Debug|Any CPU
		{951B200B-EE84-4864-9A90-82C354BEC51E}.Release|Any CPU.ActiveCfg = Release|Any CPU
		{951B200B-EE84-4864-9A90-82C354BEC51E}.Release|Any CPU.Build.0 = Release|Any CPU
		{7B741D69-E2F9-4B25-9D8A-721AD5C10C80}.Debug|Any CPU.ActiveCfg = Debug|Any CPU
		{7B741D69-E2F9-4B25-9D8A-721AD5C10C80}.Debug|Any CPU.Build.0 = Debug|Any CPU
		{7B741D69-E2F9-4B25-9D8A-721AD5C10C80}.Release|Any CPU.ActiveCfg = Release|Any CPU
		{7B741D69-E2F9-4B25-9D8A-721AD5C10C80}.Release|Any CPU.Build.0 = Release|Any CPU
		{E245ADF3-67F2-4CCF-A4D6-64F730E0EF28}.Debug|Any CPU.ActiveCfg = Debug|Any CPU
		{E245ADF3-67F2-4CCF-A4D6-64F730E0EF28}.Debug|Any CPU.Build.0 = Debug|Any CPU
		{E245ADF3-67F2-4CCF-A4D6-64F730E0EF28}.Release|Any CPU.ActiveCfg = Release|Any CPU
		{E245ADF3-67F2-4CCF-A4D6-64F730E0EF28}.Release|Any CPU.Build.0 = Release|Any CPU
		{1E2F5C5F-969F-4707-9F4C-59C188963445}.Debug|Any CPU.ActiveCfg = Debug|Any CPU
		{1E2F5C5F-969F-4707-9F4C-59C188963445}.Debug|Any CPU.Build.0 = Debug|Any CPU
		{1E2F5C5F-969F-4707-9F4C-59C188963445}.Release|Any CPU.ActiveCfg = Release|Any CPU
		{1E2F5C5F-969F-4707-9F4C-59C188963445}.Release|Any CPU.Build.0 = Release|Any CPU
		{84FAE287-2C59-4687-8415-36103A528D00}.Debug|Any CPU.ActiveCfg = Debug|Any CPU
		{84FAE287-2C59-4687-8415-36103A528D00}.Debug|Any CPU.Build.0 = Debug|Any CPU
		{84FAE287-2C59-4687-8415-36103A528D00}.Release|Any CPU.ActiveCfg = Release|Any CPU
		{84FAE287-2C59-4687-8415-36103A528D00}.Release|Any CPU.Build.0 = Release|Any CPU
		{1E63571B-937E-4C2B-8E6C-904D37053F46}.Debug|Any CPU.ActiveCfg = Debug|Any CPU
		{1E63571B-937E-4C2B-8E6C-904D37053F46}.Debug|Any CPU.Build.0 = Debug|Any CPU
		{1E63571B-937E-4C2B-8E6C-904D37053F46}.Release|Any CPU.ActiveCfg = Release|Any CPU
		{1E63571B-937E-4C2B-8E6C-904D37053F46}.Release|Any CPU.Build.0 = Release|Any CPU
		{BD2E2F9D-0721-41E7-9E9F-29F971CFDCB6}.Debug|Any CPU.ActiveCfg = Debug|Any CPU
		{BD2E2F9D-0721-41E7-9E9F-29F971CFDCB6}.Debug|Any CPU.Build.0 = Debug|Any CPU
		{BD2E2F9D-0721-41E7-9E9F-29F971CFDCB6}.Release|Any CPU.ActiveCfg = Release|Any CPU
		{BD2E2F9D-0721-41E7-9E9F-29F971CFDCB6}.Release|Any CPU.Build.0 = Release|Any CPU
		{478A0C3C-FCA2-4372-A5F4-980E2E43766A}.Debug|Any CPU.ActiveCfg = Debug|Any CPU
		{478A0C3C-FCA2-4372-A5F4-980E2E43766A}.Debug|Any CPU.Build.0 = Debug|Any CPU
		{478A0C3C-FCA2-4372-A5F4-980E2E43766A}.Release|Any CPU.ActiveCfg = Release|Any CPU
		{478A0C3C-FCA2-4372-A5F4-980E2E43766A}.Release|Any CPU.Build.0 = Release|Any CPU
		{ADC2903D-82D8-403A-915B-92720B2F2FAE}.Debug|Any CPU.ActiveCfg = Debug|Any CPU
		{ADC2903D-82D8-403A-915B-92720B2F2FAE}.Debug|Any CPU.Build.0 = Debug|Any CPU
		{ADC2903D-82D8-403A-915B-92720B2F2FAE}.Release|Any CPU.ActiveCfg = Release|Any CPU
		{ADC2903D-82D8-403A-915B-92720B2F2FAE}.Release|Any CPU.Build.0 = Release|Any CPU
		{ACA7E078-9814-4BC4-A1B2-9C24A4091AD3}.Debug|Any CPU.ActiveCfg = Debug|Any CPU
		{ACA7E078-9814-4BC4-A1B2-9C24A4091AD3}.Debug|Any CPU.Build.0 = Debug|Any CPU
		{ACA7E078-9814-4BC4-A1B2-9C24A4091AD3}.Release|Any CPU.ActiveCfg = Release|Any CPU
		{ACA7E078-9814-4BC4-A1B2-9C24A4091AD3}.Release|Any CPU.Build.0 = Release|Any CPU
		{29B28368-B901-4881-A483-3ADE3E254EAF}.Debug|Any CPU.ActiveCfg = Debug|Any CPU
		{29B28368-B901-4881-A483-3ADE3E254EAF}.Debug|Any CPU.Build.0 = Debug|Any CPU
		{29B28368-B901-4881-A483-3ADE3E254EAF}.Release|Any CPU.ActiveCfg = Release|Any CPU
		{29B28368-B901-4881-A483-3ADE3E254EAF}.Release|Any CPU.Build.0 = Release|Any CPU
		{E1645E91-DFFB-4C07-A994-85556B818B0F}.Debug|Any CPU.ActiveCfg = Debug|Any CPU
		{E1645E91-DFFB-4C07-A994-85556B818B0F}.Debug|Any CPU.Build.0 = Debug|Any CPU
		{E1645E91-DFFB-4C07-A994-85556B818B0F}.Release|Any CPU.ActiveCfg = Release|Any CPU
		{E1645E91-DFFB-4C07-A994-85556B818B0F}.Release|Any CPU.Build.0 = Release|Any CPU
	EndGlobalSection
	GlobalSection(SolutionProperties) = preSolution
		HideSolutionNode = FALSE
	EndGlobalSection
	GlobalSection(NestedProjects) = preSolution
		{FE984021-1A7C-49C3-BC0A-2EECA92F89E9} = {B028BE7B-31C3-4643-87FC-F89D26CB1E0C}
		{BC2DED56-0BEE-4A4B-B312-59276A907C50} = {B028BE7B-31C3-4643-87FC-F89D26CB1E0C}
		{EE23E945-56F7-41CB-86DD-76CBD24FEB77} = {BC2DED56-0BEE-4A4B-B312-59276A907C50}
		{B36ADA90-6824-4291-ADC4-A994C7E2E12B} = {EE23E945-56F7-41CB-86DD-76CBD24FEB77}
		{78E7CC28-BD2D-48CC-998F-67C7FC951620} = {EE23E945-56F7-41CB-86DD-76CBD24FEB77}
		{67776D50-9CEF-49F9-A4D2-96E1D9E360FF} = {EE23E945-56F7-41CB-86DD-76CBD24FEB77}
		{0C6206DA-54FE-4ECE-8679-C1652C2F8704} = {EE23E945-56F7-41CB-86DD-76CBD24FEB77}
		{951B200B-EE84-4864-9A90-82C354BEC51E} = {EE23E945-56F7-41CB-86DD-76CBD24FEB77}
		{7B741D69-E2F9-4B25-9D8A-721AD5C10C80} = {FE984021-1A7C-49C3-BC0A-2EECA92F89E9}
		{E245ADF3-67F2-4CCF-A4D6-64F730E0EF28} = {FE984021-1A7C-49C3-BC0A-2EECA92F89E9}
		{1E2F5C5F-969F-4707-9F4C-59C188963445} = {FE984021-1A7C-49C3-BC0A-2EECA92F89E9}
		{84FAE287-2C59-4687-8415-36103A528D00} = {FE984021-1A7C-49C3-BC0A-2EECA92F89E9}
		{1E63571B-937E-4C2B-8E6C-904D37053F46} = {FE984021-1A7C-49C3-BC0A-2EECA92F89E9}
		{BD2E2F9D-0721-41E7-9E9F-29F971CFDCB6} = {FE984021-1A7C-49C3-BC0A-2EECA92F89E9}
		{82A25D08-11B7-4578-97F8-30D1E7F11E04} = {BC2DED56-0BEE-4A4B-B312-59276A907C50}
		{478A0C3C-FCA2-4372-A5F4-980E2E43766A} = {82A25D08-11B7-4578-97F8-30D1E7F11E04}
		{ADC2903D-82D8-403A-915B-92720B2F2FAE} = {82A25D08-11B7-4578-97F8-30D1E7F11E04}
		{ACA7E078-9814-4BC4-A1B2-9C24A4091AD3} = {82A25D08-11B7-4578-97F8-30D1E7F11E04}
		{29B28368-B901-4881-A483-3ADE3E254EAF} = {82A25D08-11B7-4578-97F8-30D1E7F11E04}
		{E1645E91-DFFB-4C07-A994-85556B818B0F} = {82A25D08-11B7-4578-97F8-30D1E7F11E04}
	EndGlobalSection
	GlobalSection(ExtensibilityGlobals) = postSolution
		SolutionGuid = {AFE60EC1-D494-441B-A3A4-BE651DCD4828}
	EndGlobalSection
EndGlobal
